{
  "nodes": {
    "blocklist": {
      "inputs": {
        "nixpkgs": [
          "nixpkgs"
        ]
      },
      "locked": {
        "lastModified": 1734973844,
        "narHash": "sha256-0dCWrN2mI0lJknAPvkRKRNXtLlAoyehGLM48Bz8y4zA=",
        "owner": "StevenBlack",
        "repo": "hosts",
        "rev": "f829e825780aca815987cbf7484c49bc481d88bd",
        "type": "github"
      },
      "original": {
        "owner": "StevenBlack",
        "repo": "hosts",
        "type": "github"
      }
    },
    "fenix": {
      "inputs": {
        "nixpkgs": [
          "nixpkgs"
        ],
        "rust-analyzer-src": "rust-analyzer-src"
      },
      "locked": {
        "lastModified": 1735194898,
        "narHash": "sha256-JePC5P8YHoLkK7u+0gm0da3rUF3d/N4Qo1q2zvHdVxM=",
        "owner": "nix-community",
        "repo": "fenix",
        "rev": "cc13ba51f1a3b8eaa4c03fbe46d029effbbcb3c1",
        "type": "github"
      },
      "original": {
        "owner": "nix-community",
        "repo": "fenix",
        "type": "github"
      }
    },
    "home-manager": {
      "inputs": {
        "nixpkgs": [
          "nixpkgs"
        ]
      },
      "locked": {
        "lastModified": 1735053786,
        "narHash": "sha256-Gm+0DcbUS338vvkwyYWms5jsWlx8z8MeQBzcnIDuIkw=",
        "owner": "nix-community",
        "repo": "home-manager",
        "rev": "35b98d20ca8f4ca1f6a2c30b8a2c8bb305a36d84",
        "type": "github"
      },
      "original": {
        "owner": "nix-community",
        "repo": "home-manager",
        "type": "github"
      }
    },
    "nixpkgs": {
      "locked": {
        "lastModified": 1734649271,
        "narHash": "sha256-4EVBRhOjMDuGtMaofAIqzJbg4Ql7Ai0PSeuVZTHjyKQ=",
        "owner": "nixos",
        "repo": "nixpkgs",
        "rev": "d70bd19e0a38ad4790d3913bf08fcbfc9eeca507",
        "type": "github"
      },
      "original": {
        "owner": "nixos",
        "ref": "nixos-unstable",
        "repo": "nixpkgs",
        "type": "github"
      }
    },
    "root": {
      "inputs": {
        "blocklist": "blocklist",
        "fenix": "fenix",
        "home-manager": "home-manager",
        "nixpkgs": "nixpkgs"
      }
    },
    "rust-analyzer-src": {
      "flake": false,
      "locked": {
        "lastModified": 1735106061,
        "narHash": "sha256-Hw5Zc52RFf8arFrRya0yJYneqE4qG4loyfKVDWfIO+A=",
        "owner": "rust-lang",
        "repo": "rust-analyzer",
        "rev": "bfc223e85742646f9c31d7b9a21c77db77d28c8e",
        "type": "github"
      },
      "original": {
        "owner": "rust-lang",
        "ref": "nightly",
        "repo": "rust-analyzer",
        "type": "github"
      }
    }
  },
  "root": "root",
  "version": 7
}
