{
  "nodes": {
    "blocklist": {
      "inputs": {
        "nixpkgs": [
          "nixpkgs"
        ]
      },
      "locked": {
        "lastModified": 1770244988,
        "narHash": "sha256-DT9HK9iYTmXUfjKcTxLRMZOeCLb9CAoFEpBiDpEku3g=",
        "owner": "StevenBlack",
        "repo": "hosts",
        "rev": "7ea67ed353b27e1dbe36363074d1b6c3ca6be46b",
        "type": "github"
      },
      "original": {
        "owner": "StevenBlack",
        "repo": "hosts",
        "type": "github"
      }
    },
    "fenix": {
      "inputs": {
        "nixpkgs": [
          "nixpkgs"
        ],
        "rust-analyzer-src": "rust-analyzer-src"
      },
      "locked": {
        "lastModified": 1770275419,
        "narHash": "sha256-g2wfAevB/IFF6Y1C74TbhRERlUVFVGQsgGp/lLR4lQM=",
        "owner": "nix-community",
        "repo": "fenix",
        "rev": "aa3fbaab2bdc73c5c1e25a124c272dde295bc957",
        "type": "github"
      },
      "original": {
        "owner": "nix-community",
        "repo": "fenix",
        "type": "github"
      }
    },
    "home-manager": {
      "inputs": {
        "nixpkgs": [
          "nixpkgs"
        ]
      },
      "locked": {
        "lastModified": 1770318660,
        "narHash": "sha256-yFVde8QZK7Dc0Xa8eQDsmxLX4NJNfL1NKfctSyiQgMY=",
        "owner": "nix-community",
        "repo": "home-manager",
        "rev": "471e6a065f9efed51488d7c51a9abbd387df91b8",
        "type": "github"
      },
      "original": {
        "owner": "nix-community",
        "repo": "home-manager",
        "type": "github"
      }
    },
    "nix-index-database": {
      "inputs": {
        "nixpkgs": [
          "nixpkgs"
        ]
      },
      "locked": {
        "lastModified": 1770315571,
        "narHash": "sha256-hy0gcAgAcxrnSWKGuNO+Ob0x6jQ2xkR6hoaR0qJBHYs=",
        "owner": "nix-community",
        "repo": "nix-index-database",
        "rev": "2684bb8080a6f2ca5f9d494de5ef875bc1c4ecdb",
        "type": "github"
      },
      "original": {
        "owner": "nix-community",
        "repo": "nix-index-database",
        "type": "github"
      }
    },
    "nixpkgs": {
      "locked": {
        "lastModified": 1770197578,
        "narHash": "sha256-AYqlWrX09+HvGs8zM6ebZ1pwUqjkfpnv8mewYwAo+iM=",
        "owner": "nixos",
        "repo": "nixpkgs",
        "rev": "00c21e4c93d963c50d4c0c89bfa84ed6e0694df2",
        "type": "github"
      },
      "original": {
        "owner": "nixos",
        "ref": "nixos-unstable",
        "repo": "nixpkgs",
        "type": "github"
      }
    },
    "root": {
      "inputs": {
        "blocklist": "blocklist",
        "fenix": "fenix",
        "home-manager": "home-manager",
        "nix-index-database": "nix-index-database",
        "nixpkgs": "nixpkgs"
      }
    },
    "rust-analyzer-src": {
      "flake": false,
      "locked": {
        "lastModified": 1770200365,
        "narHash": "sha256-Z3V5v8tSwZ3l4COVSt0b6Av0wZwTUf7Qj0SQ2/Z5RX0=",
        "owner": "rust-lang",
        "repo": "rust-analyzer",
        "rev": "1433910d1ffaff2c7a5fb7ba701f82ea578a99e3",
        "type": "github"
      },
      "original": {
        "owner": "rust-lang",
        "ref": "nightly",
        "repo": "rust-analyzer",
        "type": "github"
      }
    }
  },
  "root": "root",
  "version": 7
}
