{
  "nodes": {
    "blocklist": {
      "inputs": {
        "nixpkgs": [
          "nixpkgs"
        ]
      },
      "locked": {
        "lastModified": 1740888205,
        "narHash": "sha256-1LcNP9KBeUaeD6agnrQJOD0UN4GFMW9Rn86BjcH0yQ4=",
        "owner": "StevenBlack",
        "repo": "hosts",
        "rev": "299151a32d8cda95714ff7ad928fc5e8568f3988",
        "type": "github"
      },
      "original": {
        "owner": "StevenBlack",
        "repo": "hosts",
        "type": "github"
      }
    },
    "fenix": {
      "inputs": {
        "nixpkgs": [
          "nixpkgs"
        ],
        "rust-analyzer-src": "rust-analyzer-src"
      },
      "locked": {
        "lastModified": 1740983659,
        "narHash": "sha256-O/QzMeTWQ1y4nCj3OQT9Qc3zTE1y6SIZbW8Zjy5Q+dA=",
        "owner": "nix-community",
        "repo": "fenix",
        "rev": "14bd053c7f2a5437ca84c2c76eb7a68154dc30bb",
        "type": "github"
      },
      "original": {
        "owner": "nix-community",
        "repo": "fenix",
        "type": "github"
      }
    },
    "home-manager": {
      "inputs": {
        "nixpkgs": [
          "nixpkgs"
        ]
      },
      "locked": {
        "lastModified": 1741056285,
        "narHash": "sha256-/JKDMVqq8PIqcGonBVKbKq1SooV3kzGmv+cp3rKAgPA=",
        "owner": "nix-community",
        "repo": "home-manager",
        "rev": "70fbbf05a5594b0a72124ab211bff1d502c89e3f",
        "type": "github"
      },
      "original": {
        "owner": "nix-community",
        "repo": "home-manager",
        "type": "github"
      }
    },
    "nixpkgs": {
      "locked": {
        "lastModified": 1741010256,
        "narHash": "sha256-WZNlK/KX7Sni0RyqLSqLPbK8k08Kq7H7RijPJbq9KHM=",
        "owner": "nixos",
        "repo": "nixpkgs",
        "rev": "ba487dbc9d04e0634c64e3b1f0d25839a0a68246",
        "type": "github"
      },
      "original": {
        "owner": "nixos",
        "ref": "nixos-unstable",
        "repo": "nixpkgs",
        "type": "github"
      }
    },
    "root": {
      "inputs": {
        "blocklist": "blocklist",
        "fenix": "fenix",
        "home-manager": "home-manager",
        "nixpkgs": "nixpkgs"
      }
    },
    "rust-analyzer-src": {
      "flake": false,
      "locked": {
        "lastModified": 1740927119,
        "narHash": "sha256-5iYMqZuYy1QZxIF2tbNe3yaoz8pzXX31j6wKCAudFfg=",
        "owner": "rust-lang",
        "repo": "rust-analyzer",
        "rev": "81ff38f53b9a14ac608feb30b21ed42a41d016c6",
        "type": "github"
      },
      "original": {
        "owner": "rust-lang",
        "ref": "nightly",
        "repo": "rust-analyzer",
        "type": "github"
      }
    }
  },
  "root": "root",
  "version": 7
}
